
Microsoft Visual Studio Solution File, Format Version 12.00
# Visual Studio 15
VisualStudioVersion = 15.0.27130.2036
MinimumVisualStudioVersion = 10.0.40219.1
Project("{FAE04EC0-301F-11D3-BF4B-00C04F79EFBC}") = "delegatu", "delegatu.csproj", "{CBC26B86-F19B-4D85-B812-C4C178D57EA1}"
EndProject
Global
	GlobalSection(SolutionConfigurationPlatforms) = preSolution
		Debug|Any CPU = Debug|Any CPU
		Release|Any CPU = Release|Any CPU
	EndGlobalSection
	GlobalSection(ProjectConfigurationPlatforms) = postSolution
		{CBC26B86-F19B-4D85-B812-C4C178D57EA1}.Debug|Any CPU.ActiveCfg = Debug|Any CPU
		{CBC26B86-F19B-4D85-B812-C4C178D57EA1}.Debug|Any CPU.Build.0 = Debug|Any CPU
		{CBC26B86-F19B-4D85-B812-C4C178D57EA1}.Release|Any CPU.ActiveCfg = Release|Any CPU
		{CBC26B86-F19B-4D85-B812-C4C178D57EA1}.Release|Any CPU.Build.0 = Release|Any CPU
	EndGlobalSection
	GlobalSection(SolutionProperties) = preSolution
		HideSolutionNode = FALSE
	EndGlobalSection
	GlobalSection(ExtensibilityGlobals) = postSolution
		SolutionGuid = {60907321-A740-4404-AC54-FB6C64AECE9A}
	EndGlobalSection
EndGlobal
