
Microsoft Visual Studio Solution File, Format Version 12.00
# Visual Studio 15
VisualStudioVersion = 15.0.27130.2036
MinimumVisualStudioVersion = 10.0.40219.1
Project("{FAE04EC0-301F-11D3-BF4B-00C04F79EFBC}") = "db", "db.csproj", "{27029E30-FCDC-4E32-8F23-41A940B68C7F}"
EndProject
Global
	GlobalSection(SolutionConfigurationPlatforms) = preSolution
		Debug|Any CPU = Debug|Any CPU
		Release|Any CPU = Release|Any CPU
	EndGlobalSection
	GlobalSection(ProjectConfigurationPlatforms) = postSolution
		{27029E30-FCDC-4E32-8F23-41A940B68C7F}.Debug|Any CPU.ActiveCfg = Debug|Any CPU
		{27029E30-FCDC-4E32-8F23-41A940B68C7F}.Debug|Any CPU.Build.0 = Debug|Any CPU
		{27029E30-FCDC-4E32-8F23-41A940B68C7F}.Release|Any CPU.ActiveCfg = Release|Any CPU
		{27029E30-FCDC-4E32-8F23-41A940B68C7F}.Release|Any CPU.Build.0 = Release|Any CPU
	EndGlobalSection
	GlobalSection(SolutionProperties) = preSolution
		HideSolutionNode = FALSE
	EndGlobalSection
	GlobalSection(ExtensibilityGlobals) = postSolution
		SolutionGuid = {4B0C0E5C-77E1-45B8-8758-C480270B6ECD}
	EndGlobalSection
EndGlobal
